
Microsoft Visual Studio Solution File, Format Version 12.00
# Visual Studio Version 17
VisualStudioVersion = 17.4.33213.308
MinimumVisualStudioVersion = 10.0.40219.1
Project("{FAE04EC0-301F-11D3-BF4B-00C04F79EFBC}") = "Camille.Front", "Camille.Front\Camille.Front.csproj", "{93342B1F-F2FF-4576-B52B-E87C6843563C}"
EndProject
Global
	GlobalSection(SolutionConfigurationPlatforms) = preSolution
		Debug|Any CPU = Debug|Any CPU
		Release|Any CPU = Release|Any CPU
	EndGlobalSection
	GlobalSection(ProjectConfigurationPlatforms) = postSolution
		{93342B1F-F2FF-4576-B52B-E87C6843563C}.Debug|Any CPU.ActiveCfg = Debug|Any CPU
		{93342B1F-F2FF-4576-B52B-E87C6843563C}.Debug|Any CPU.Build.0 = Debug|Any CPU
		{93342B1F-F2FF-4576-B52B-E87C6843563C}.Release|Any CPU.ActiveCfg = Release|Any CPU
		{93342B1F-F2FF-4576-B52B-E87C6843563C}.Release|Any CPU.Build.0 = Release|Any CPU
	EndGlobalSection
	GlobalSection(SolutionProperties) = preSolution
		HideSolutionNode = FALSE
	EndGlobalSection
	GlobalSection(ExtensibilityGlobals) = postSolution
		SolutionGuid = {78903E5F-A805-46F9-A461-BC997EED02B1}
	EndGlobalSection
EndGlobal
